
Microsoft Visual Studio Solution File, Format Version 12.00
# Visual Studio Version 17
VisualStudioVersion = 17.5.002.0
MinimumVisualStudioVersion = 10.0.40219.1
Project("{9A19103F-16F7-4668-BE54-9A1E7A4F7556}") = "findMax", "findMax.csproj", "{753881D7-FC3B-4196-BB12-C70B487C11B2}"
EndProject
Global
	GlobalSection(SolutionConfigurationPlatforms) = preSolution
		Debug|Any CPU = Debug|Any CPU
		Release|Any CPU = Release|Any CPU
	EndGlobalSection
	GlobalSection(ProjectConfigurationPlatforms) = postSolution
		{753881D7-FC3B-4196-BB12-C70B487C11B2}.Debug|Any CPU.ActiveCfg = Debug|Any CPU
		{753881D7-FC3B-4196-BB12-C70B487C11B2}.Debug|Any CPU.Build.0 = Debug|Any CPU
		{753881D7-FC3B-4196-BB12-C70B487C11B2}.Release|Any CPU.ActiveCfg = Release|Any CPU
		{753881D7-FC3B-4196-BB12-C70B487C11B2}.Release|Any CPU.Build.0 = Release|Any CPU
	EndGlobalSection
	GlobalSection(SolutionProperties) = preSolution
		HideSolutionNode = FALSE
	EndGlobalSection
	GlobalSection(ExtensibilityGlobals) = postSolution
		SolutionGuid = {402DB793-32BC-4B57-A5E1-7969F00AB018}
	EndGlobalSection
EndGlobal
